
Microsoft Visual Studio Solution File, Format Version 12.00
# Visual Studio Version 17
VisualStudioVersion = 17.3.32825.248
MinimumVisualStudioVersion = 10.0.40219.1
Project("{9A19103F-16F7-4668-BE54-9A1E7A4F7556}") = "Bumbo", "BumboPOC\Bumbo.csproj", "{072CA0A9-19DD-4D85-A03C-BD3B607DF1FA}"
EndProject
Project("{9A19103F-16F7-4668-BE54-9A1E7A4F7556}") = "BumboData", "BumboPOCData\BumboData.csproj", "{1673BFD8-237D-4ACB-A19E-DD654F5F1F8D}"
EndProject
Project("{9A19103F-16F7-4668-BE54-9A1E7A4F7556}") = "BumboServices", "BumboServices\BumboServices.csproj", "{6CF19B5B-4B32-421D-8488-AE900F9E5A91}"
EndProject
Global
	GlobalSection(SolutionConfigurationPlatforms) = preSolution
		Debug|Any CPU = Debug|Any CPU
		Release|Any CPU = Release|Any CPU
	EndGlobalSection
	GlobalSection(ProjectConfigurationPlatforms) = postSolution
		{072CA0A9-19DD-4D85-A03C-BD3B607DF1FA}.Debug|Any CPU.ActiveCfg = Debug|Any CPU
		{072CA0A9-19DD-4D85-A03C-BD3B607DF1FA}.Debug|Any CPU.Build.0 = Debug|Any CPU
		{072CA0A9-19DD-4D85-A03C-BD3B607DF1FA}.Release|Any CPU.ActiveCfg = Release|Any CPU
		{072CA0A9-19DD-4D85-A03C-BD3B607DF1FA}.Release|Any CPU.Build.0 = Release|Any CPU
		{1673BFD8-237D-4ACB-A19E-DD654F5F1F8D}.Debug|Any CPU.ActiveCfg = Debug|Any CPU
		{1673BFD8-237D-4ACB-A19E-DD654F5F1F8D}.Debug|Any CPU.Build.0 = Debug|Any CPU
		{1673BFD8-237D-4ACB-A19E-DD654F5F1F8D}.Release|Any CPU.ActiveCfg = Release|Any CPU
		{1673BFD8-237D-4ACB-A19E-DD654F5F1F8D}.Release|Any CPU.Build.0 = Release|Any CPU
		{6CF19B5B-4B32-421D-8488-AE900F9E5A91}.Debug|Any CPU.ActiveCfg = Debug|Any CPU
		{6CF19B5B-4B32-421D-8488-AE900F9E5A91}.Debug|Any CPU.Build.0 = Debug|Any CPU
		{6CF19B5B-4B32-421D-8488-AE900F9E5A91}.Release|Any CPU.ActiveCfg = Release|Any CPU
		{6CF19B5B-4B32-421D-8488-AE900F9E5A91}.Release|Any CPU.Build.0 = Release|Any CPU
	EndGlobalSection
	GlobalSection(SolutionProperties) = preSolution
		HideSolutionNode = FALSE
	EndGlobalSection
	GlobalSection(ExtensibilityGlobals) = postSolution
		SolutionGuid = {544DA577-4424-4B50-BC06-BCFE29D4C9E8}
	EndGlobalSection
EndGlobal
